
Microsoft Visual Studio Solution File, Format Version 12.00
# Visual Studio Version 17
VisualStudioVersion = 17.3.32825.248
MinimumVisualStudioVersion = 10.0.40219.1
Project("{FAE04EC0-301F-11D3-BF4B-00C04F79EFBC}") = "BlockBuster", "BlockBuster\BlockBuster.csproj", "{D10F29F4-E328-4C08-9DDF-8D2391773E43}"
EndProject
Global
	GlobalSection(SolutionConfigurationPlatforms) = preSolution
		Debug|Any CPU = Debug|Any CPU
		Release|Any CPU = Release|Any CPU
	EndGlobalSection
	GlobalSection(ProjectConfigurationPlatforms) = postSolution
		{D10F29F4-E328-4C08-9DDF-8D2391773E43}.Debug|Any CPU.ActiveCfg = Debug|Any CPU
		{D10F29F4-E328-4C08-9DDF-8D2391773E43}.Debug|Any CPU.Build.0 = Debug|Any CPU
		{D10F29F4-E328-4C08-9DDF-8D2391773E43}.Release|Any CPU.ActiveCfg = Release|Any CPU
		{D10F29F4-E328-4C08-9DDF-8D2391773E43}.Release|Any CPU.Build.0 = Release|Any CPU
	EndGlobalSection
	GlobalSection(SolutionProperties) = preSolution
		HideSolutionNode = FALSE
	EndGlobalSection
	GlobalSection(ExtensibilityGlobals) = postSolution
		SolutionGuid = {703A5831-CCA4-4BF9-8F40-E5FB6F055101}
	EndGlobalSection
EndGlobal
